
Microsoft Visual Studio Solution File, Format Version 12.00
# Visual Studio Version 16
VisualStudioVersion = 16.0.31025.194
MinimumVisualStudioVersion = 10.0.40219.1
Project("{8BC9CEB8-8B4A-11D0-8D11-00A0C91BC942}") = "Party_Pantry", "..\Party_Pantry\Party_Pantry.vcxproj", "{EB8B83ED-63F7-4161-B9FE-22671A957219}"
	ProjectSection(ProjectDependencies) = postProject
		{D430AB8F-FE10-4DDF-B9F6-7F0578F6A4D4} = {D430AB8F-FE10-4DDF-B9F6-7F0578F6A4D4}
	EndProjectSection
EndProject
Project("{8BC9CEB8-8B4A-11D0-8D11-00A0C91BC942}") = "Engine", "Engine.vcxproj", "{5205DE6A-19AE-4BD0-9A92-92C44A6E1E23}"
EndProject
Project("{FAE04EC0-301F-11D3-BF4B-00C04F79EFBC}") = "EngineScript", "..\EngineScript\EngineScript.csproj", "{D430AB8F-FE10-4DDF-B9F6-7F0578F6A4D4}"
EndProject
Global
	GlobalSection(SolutionConfigurationPlatforms) = preSolution
		Debug|Any CPU = Debug|Any CPU
		Debug|x64 = Debug|x64
		Release|Any CPU = Release|Any CPU
		Release|x64 = Release|x64
	EndGlobalSection
	GlobalSection(ProjectConfigurationPlatforms) = postSolution
		{EB8B83ED-63F7-4161-B9FE-22671A957219}.Debug|Any CPU.ActiveCfg = Debug|x64
		{EB8B83ED-63F7-4161-B9FE-22671A957219}.Debug|x64.ActiveCfg = Debug|x64
		{EB8B83ED-63F7-4161-B9FE-22671A957219}.Debug|x64.Build.0 = Debug|x64
		{EB8B83ED-63F7-4161-B9FE-22671A957219}.Release|Any CPU.ActiveCfg = Release|x64
		{EB8B83ED-63F7-4161-B9FE-22671A957219}.Release|x64.ActiveCfg = Release|x64
		{EB8B83ED-63F7-4161-B9FE-22671A957219}.Release|x64.Build.0 = Release|x64
		{5205DE6A-19AE-4BD0-9A92-92C44A6E1E23}.Debug|Any CPU.ActiveCfg = Debug|x64
		{5205DE6A-19AE-4BD0-9A92-92C44A6E1E23}.Debug|x64.ActiveCfg = Debug|x64
		{5205DE6A-19AE-4BD0-9A92-92C44A6E1E23}.Debug|x64.Build.0 = Debug|x64
		{5205DE6A-19AE-4BD0-9A92-92C44A6E1E23}.Release|Any CPU.ActiveCfg = Release|x64
		{5205DE6A-19AE-4BD0-9A92-92C44A6E1E23}.Release|x64.ActiveCfg = Release|x64
		{5205DE6A-19AE-4BD0-9A92-92C44A6E1E23}.Release|x64.Build.0 = Release|x64
		{D430AB8F-FE10-4DDF-B9F6-7F0578F6A4D4}.Debug|Any CPU.ActiveCfg = Debug|Any CPU
		{D430AB8F-FE10-4DDF-B9F6-7F0578F6A4D4}.Debug|Any CPU.Build.0 = Debug|Any CPU
		{D430AB8F-FE10-4DDF-B9F6-7F0578F6A4D4}.Debug|x64.ActiveCfg = Debug|Any CPU
		{D430AB8F-FE10-4DDF-B9F6-7F0578F6A4D4}.Debug|x64.Build.0 = Debug|Any CPU
		{D430AB8F-FE10-4DDF-B9F6-7F0578F6A4D4}.Release|Any CPU.ActiveCfg = Release|Any CPU
		{D430AB8F-FE10-4DDF-B9F6-7F0578F6A4D4}.Release|Any CPU.Build.0 = Release|Any CPU
		{D430AB8F-FE10-4DDF-B9F6-7F0578F6A4D4}.Release|x64.ActiveCfg = Release|Any CPU
		{D430AB8F-FE10-4DDF-B9F6-7F0578F6A4D4}.Release|x64.Build.0 = Release|Any CPU
	EndGlobalSection
	GlobalSection(SolutionProperties) = preSolution
		HideSolutionNode = FALSE
	EndGlobalSection
	GlobalSection(ExtensibilityGlobals) = postSolution
		SolutionGuid = {E73C72D8-42E4-4E26-9902-6C828BFCB2D4}
	EndGlobalSection
EndGlobal
