<?xml version="1.0" encoding="utf-8"?>
<Project ToolsVersion="4.0" xmlns="http://schemas.microsoft.com/developer/msbuild/2003">
  <ItemGroup>
    <ClCompile Include="GameCodes\Application\Application.cpp" />
    <ClCompile Include="GameCodes\BehaviourScripts\Camera\CameraController.cpp" />
    <ClCompile Include="GameCodes\main.cpp" />
    <ClCompile Include="GameCodes\BehaviourScripts\Enemies\EnemyScript.cpp" />
    <ClCompile Include="GameCodes\BehaviourScripts\Player\PlayerScript.cpp" />
    <ClCompile Include="GameCodes\BehaviourScripts\Character\CharacterScript.cpp" />
    <ClCompile Include="GameCodes\BehaviourScripts\Misc\StressTest.cpp" />
    <ClCompile Include="GameCodes\BehaviourScripts\Character\BaseSkill.cpp" />
    <ClCompile Include="GameCodes\BehaviourScripts\Environment\PickUps.cpp" />
    <ClCompile Include="GameCodes\BehaviourScripts\Player\BabyMonkey.cpp" />
    <ClCompile Include="GameCodes\BehaviourScripts\Character\CharacterPather.cpp" />
    <ClCompile Include="GameCodes\BehaviourScripts\Enemies\EnemyRobot.cpp" />
    <ClCompile Include="GameCodes\BehaviourScripts\Enemies\EnemyScientist.cpp" />
    <ClCompile Include="GameCodes\BehaviourScripts\Environment\Door.cpp" />
    <ClCompile Include="GameCodes\MusicPlayer\MusicPlayer.cpp" />
    <ClCompile Include="GameCodes\UserInterface\MainMenu\MainMenuScripts.cpp" />
    <ClCompile Include="GameCodes\BehaviourScripts\Level\LevelEvents.cpp" />
    <ClCompile Include="GameCodes\BehaviourScripts\Level\Level1.cpp" />
    <ClCompile Include="GameCodes\BehaviourScripts\Level\LevelManager.cpp" />
    <ClCompile Include="GameCodes\UserInterface\InGameUIScripts\InGameUIScripts.cpp" />
    <ClCompile Include="GameCodes\BehaviourScripts\Character\VirtualCharacterScript.cpp" />
    <ClCompile Include="GameCodes\BehaviourScripts\Level\Triggers.cpp" />
    <ClCompile Include="GameCodes\BehaviourScripts\Environment\Interactable.cpp" />
    <ClCompile Include="GameCodes\BehaviourScripts\Enemies\EnemyManagers.cpp" />
    <ClCompile Include="GameCodes\BehaviourScripts\Environment\Glass.cpp" />
    <ClCompile Include="GameCodes\BehaviourScripts\Misc\SFXPlayer.cpp" />
    <ClCompile Include="GameCodes\DialogueCutsceneObjectivesControl\DialogueController.cpp" />
    <ClCompile Include="GameCodes\DialogueCutsceneObjectivesControl\CutsceneController.cpp" />
    <ClCompile Include="GameCodes\DialogueCutsceneObjectivesControl\ObjectivesController.cpp" />
    <ClCompile Include="GameCodes\UserInterface\InGameUIScripts\AbilityMenu.cpp" />
    <ClCompile Include="GameCodes\BehaviourScripts\Player\PlayerInteract.cpp" />
    <ClCompile Include="GameCodes\DialogueCutsceneObjectivesControl\CDOTriggers.cpp" />
    <ClCompile Include="GameCodes\BehaviourScripts\Level\LevelFinisher.cpp" />
    <ClCompile Include="GameCodes\UserInterface\InGameUIScripts\BabyPointerUI.cpp" />
    <ClCompile Include="GameCodes\BehaviourScripts\Level\PathFinder.cpp" />
    <ClCompile Include="GameCodes\BehaviourScripts\Player\PlayerSurround.cpp" />
    <ClCompile Include="GameCodes\UserInterface\InGameUIScripts\MilkBottleUIController.cpp" />
    <ClCompile Include="GameCodes\UserInterface\InGameUIScripts\TutorialUIController.cpp" />
    <ClCompile Include="GameCodes\BehaviourScripts\Misc\OffRobot.cpp" />
    <ClCompile Include="GameCodes\BehaviourScripts\Environment\InteractableConsole.cpp" />
    <ClCompile Include="GameCodes\BehaviourScripts\Enemies\Turret.cpp" />
    <ClCompile Include="GameCodes\BehaviourScripts\Misc\BasicTransformations.cpp" />
    <ClCompile Include="GameCodes\BehaviourScripts\Level\AreaZone.cpp" />
    <ClCompile Include="GameCodes\BehaviourScripts\Boss\RobotBoss.cpp" />
    <ClCompile Include="GameCodes\BehaviourScripts\Environment\DOTObject.cpp" />
    <ClCompile Include="GameCodes\BehaviourScripts\Boss\SpinningLasers.cpp" />
    <ClCompile Include="GameCodes\BehaviourScripts\Misc\Timers.cpp" />
    <ClCompile Include="GameCodes\BehaviourScripts\Boss\ElectricTowers.cpp" />
    <ClCompile Include="GameCodes\BehaviourScripts\Boss\BossMinionSpawner.cpp" />
    <ClCompile Include="GameCodes\BehaviourScripts\Level\Checkpoint.cpp" />
    <ClCompile Include="GameCodes\BehaviourScripts\Boss\BossDecoy.cpp" />
    <ClCompile Include="GameCodes\BehaviourScripts\Misc\AmbienceSFX.cpp" />
    <ClCompile Include="GameCodes\BehaviourScripts\Misc\AnimatedTexture.cpp" />
  </ItemGroup>
  <ItemGroup>
    <ClInclude Include="GameCodes\Application\Application.h" />
    <ClInclude Include="GameCodes\AllBehaviour.h" />
    <ClInclude Include="GameCodes\BehaviourScripts\Player\PlayerScript.h" />
    <ClInclude Include="GameCodes\BehaviourScripts\Camera\CameraController.h" />
    <ClInclude Include="GameCodes\BehaviourScripts\Character\CharacterScript.h" />
    <ClInclude Include="GameCodes\BehaviourScripts\Enemies\EnemyScript.h" />
    <ClInclude Include="GameCodes\BehaviourScripts\Character\BaseSkill.h" />
    <ClInclude Include="GameCodes\Application\GameConfig.h" />
    <ClInclude Include="GameCodes\BehaviourScripts\Misc\StressTest.h" />
    <ClInclude Include="GameCodes\BehaviourScripts\Character\VirtualCharacterScript.h" />
    <ClInclude Include="GameCodes\BehaviourScripts\Environment\Interactable.h" />
    <ClInclude Include="GameCodes\BehaviourScripts\Player\BabyMonkey.h" />
    <ClInclude Include="GameCodes\BehaviourScripts\Environment\PickUps.h" />
    <ClInclude Include="GameCodes\BehaviourScripts\Character\CharacterPather.h" />
    <ClInclude Include="GameCodes\BehaviourScripts\Enemies\EnemyRobot.h" />
    <ClInclude Include="GameCodes\BehaviourScripts\Enemies\EnemyScientist.h" />
    <ClInclude Include="GameCodes\BehaviourScripts\Environment\Door.h" />
    <ClInclude Include="GameCodes\MusicPlayer\MusicPlayer.h" />
    <ClInclude Include="GameCodes\UserInterface\MainMenu\MainMenuScripts.h" />
    <ClInclude Include="GameCodes\BehaviourScripts\Level\LevelManager.h" />
    <ClInclude Include="GameCodes\BehaviourScripts\Level\Level1.h" />
    <ClInclude Include="GameCodes\BehaviourScripts\Level\LevelEvents.h" />
    <ClInclude Include="GameCodes\BehaviourScripts\Level\Triggers.h" />
    <ClInclude Include="GameCodes\UserInterface\InGameUIScripts\InGameUIScripts.h" />
    <ClInclude Include="GameCodes\BehaviourScripts\Enemies\EnemySpecialized.h" />
    <ClInclude Include="GameCodes\BehaviourScripts\AttacksManager.h" />
    <ClInclude Include="GameCodes\BehaviourScripts\Enemies\EnemyManagers.h" />
    <ClInclude Include="GameCodes\BehaviourScripts\Environment\Glass.h" />
    <ClInclude Include="GameCodes\BehaviourScripts\Misc\SFXPlayer.h" />
    <ClInclude Include="GameCodes\DialogueCutsceneObjectivesControl\DialogueController.h" />
    <ClInclude Include="GameCodes\DialogueCutsceneObjectivesControl\CutsceneController.h" />
    <ClInclude Include="GameCodes\DialogueCutsceneObjectivesControl\ObjectivesController.h" />
    <ClInclude Include="GameCodes\UserInterface\InGameUIScripts\AbilityMenu.h" />
    <ClInclude Include="GameCodes\BehaviourScripts\Player\PlayerInteract.h" />
    <ClInclude Include="GameCodes\DialogueCutsceneObjectivesControl\CDOTriggers.h" />
    <ClInclude Include="GameCodes\BehaviourScripts\Level\LevelFinisher.h" />
    <ClInclude Include="GameCodes\UserInterface\InGameUIScripts\BabyPointerUI.h" />
    <ClInclude Include="GameCodes\BehaviourScripts\Player\PlayerSurround.h" />
    <ClInclude Include="GameCodes\BehaviourScripts\Level\PathFinder.h" />
    <ClInclude Include="GameCodes\UserInterface\InGameUIScripts\MilkBottleUIController.h" />
    <ClInclude Include="GameCodes\UserInterface\InGameUIScripts\TutorialUIController.h" />
    <ClInclude Include="GameCodes\BehaviourScripts\Misc\OffRobot.h" />
    <ClInclude Include="GameCodes\BehaviourScripts\Environment\InteractableConsole.h" />
    <ClInclude Include="GameCodes\BehaviourScripts\Misc\Timers.h" />
    <ClInclude Include="GameCodes\BehaviourScripts\Enemies\Turret.h" />
    <ClInclude Include="GameCodes\BehaviourScripts\Misc\BasicTransformations.h" />
    <ClInclude Include="GameCodes\BehaviourScripts\Level\AreaZone.h" />
    <ClInclude Include="GameCodes\BehaviourScripts\Boss\RobotBoss.h" />
    <ClInclude Include="GameCodes\BehaviourScripts\Environment\DOTObject.h" />
    <ClInclude Include="GameCodes\BehaviourScripts\Boss\SpinningLasers.h" />
    <ClInclude Include="GameCodes\BehaviourScripts\Boss\ElectricTowers.h" />
    <ClInclude Include="GameCodes\BehaviourScripts\Boss\BossMinionSpawner.h" />
    <ClInclude Include="GameCodes\BehaviourScripts\Level\Checkpoint.h" />
    <ClInclude Include="GameCodes\BehaviourScripts\Boss\BossDecoy.h" />
    <ClInclude Include="GameCodes\BehaviourScripts\Misc\AmbienceSFX.h" />
    <ClInclude Include="GameCodes\BehaviourScripts\Misc\AnimatedTexture.h" />
  </ItemGroup>
</Project>